{
  "lockfileVersion": 1,
  "configVersion": 1,
  "workspaces": {
    "": {
      "dependencies": {
        "typebox": "^1.3.4",
      },
    },
  },
  "packages": {
    "typebox": ["typebox@1.3.4", "", {}, "sha512-j3MCKfJMIHdrr4ZQMzaJnvXrUbMNuncwssmQkny3Cv5vxrDE1o1WhZFEqGSlU884xtYS5sAa3O/XsUPbUbPWKQ=="],
  }
}
